{
    "_readme": [
        "This file locks the dependencies of your project to a known state",
        "Read more about it at https://getcomposer.org/doc/01-basic-usage.md#installing-dependencies",
        "This file is @generated automatically"
    ],
    "content-hash": "0f6690eed029d27920f887cf20a6d21b",
    "packages": [
        {
            "name": "easysite/library",
            "version": "1.0.0",
            "source": {
                "type": "git",
                "url": "https://github.com/igosprin/easysitelibrary.git",
                "reference": "938d95b63816276071014c1e8fabd6b486f68ef9"
            },
            "dist": {
                "type": "zip",
                "url": "https://api.github.com/repos/igosprin/easysitelibrary/zipball/938d95b63816276071014c1e8fabd6b486f68ef9",
                "reference": "938d95b63816276071014c1e8fabd6b486f68ef9",
                "shasum": ""
            },
            "require": {
                "php": "^8.0"
            },
            "type": "library",
            "autoload": {
                "psr-4": {
                    "Easysite\\Library\\": "src/"
                }
            },
            "notification-url": "https://packagist.org/downloads/",
            "authors": [
                {
                    "name": "igorarbitas",
                    "email": "igor@arbitas.com"
                }
            ],
            "support": {
                "issues": "https://github.com/igosprin/easysitelibrary/issues",
                "source": "https://github.com/igosprin/easysitelibrary/tree/1.0.0"
            },
            "time": "2024-07-11T09:46:55+00:00"
        }
    ],
    "packages-dev": [],
    "aliases": [],
    "minimum-stability": "stable",
    "stability-flags": [],
    "prefer-stable": false,
    "prefer-lowest": false,
    "platform": [],
    "platform-dev": [],
    "plugin-api-version": "2.6.0"
}
